
Microsoft Visual Studio Solution File, Format Version 12.00
Project("{FAE04EC0-301F-11D3-BF4B-00C04F79EFBC}") = "DenemePostMan", "DenemePostMan.csproj", "{8845B6CB-BDF6-48D8-A005-D37B62D79ECD}"
EndProject
Global
	GlobalSection(SolutionConfigurationPlatforms) = preSolution
		Debug|Any CPU = Debug|Any CPU
		Release|Any CPU = Release|Any CPU
	EndGlobalSection
	GlobalSection(ProjectConfigurationPlatforms) = postSolution
		{8845B6CB-BDF6-48D8-A005-D37B62D79ECD}.Debug|Any CPU.ActiveCfg = Debug|Any CPU
		{8845B6CB-BDF6-48D8-A005-D37B62D79ECD}.Debug|Any CPU.Build.0 = Debug|Any CPU
		{8845B6CB-BDF6-48D8-A005-D37B62D79ECD}.Release|Any CPU.ActiveCfg = Release|Any CPU
		{8845B6CB-BDF6-48D8-A005-D37B62D79ECD}.Release|Any CPU.Build.0 = Release|Any CPU
	EndGlobalSection
EndGlobal
